{
    "_readme": [
        "This file locks the dependencies of your project to a known state",
        "Read more about it at https://getcomposer.org/doc/01-basic-usage.md#composer-lock-the-lock-file",
        "This file is @generated automatically"
    ],
    "hash": "c8c8cfc6e7f11e7d5bd6a01eb03effa3",
    "content-hash": "1fd7da3b40ef00956d7e5e5afcd3e9af",
    "packages": [
        {
            "name": "cmfcmf/openweathermap-php-api",
            "version": "dev-master",
            "source": {
                "type": "git",
                "url": "https://github.com/cmfcmf/OpenWeatherMap-PHP-Api.git",
                "reference": "a196e7e94ae5d8681862d25324961e79ed09840c"
            },
            "dist": {
                "type": "zip",
                "url": "https://api.github.com/repos/cmfcmf/OpenWeatherMap-PHP-Api/zipball/a196e7e94ae5d8681862d25324961e79ed09840c",
                "reference": "a196e7e94ae5d8681862d25324961e79ed09840c",
                "shasum": ""
            },
            "require": {
                "php": ">=5.3.0"
            },
            "type": "library",
            "autoload": {
                "psr-4": {
                    "Cmfcmf\\": "Cmfcmf"
                }
            },
            "notification-url": "https://packagist.org/downloads/",
            "license": [
                "MIT"
            ],
            "authors": [
                {
                    "name": "Christian Flach (cmfcmf)",
                    "email": "cmfcmf.flach@gmail.com",
                    "homepage": "http://cmfcmf.github.io",
                    "role": "Developer"
                }
            ],
            "description": "A php api to parse weather data from OpenWeatherMap.org. This api tries to normalise and abstract the data and remove inconsistencies.",
            "homepage": "https://github.com/cmfcmf/OpenWeatherMap-PHP-Api",
            "keywords": [
                "OpenWeatherMap",
                "weather",
                "weather api"
            ],
            "time": "2016-05-01 08:06:01"
        }
    ],
    "packages-dev": [],
    "aliases": [],
    "minimum-stability": "stable",
    "stability-flags": {
        "cmfcmf/openweathermap-php-api": 20
    },
    "prefer-stable": false,
    "prefer-lowest": false,
    "platform": [],
    "platform-dev": []
}
